
Microsoft Visual Studio Solution File, Format Version 12.00
# Visual Studio 15
VisualStudioVersion = 15.0.27130.2003
MinimumVisualStudioVersion = 10.0.40219.1
Project("{FAE04EC0-301F-11D3-BF4B-00C04F79EFBC}") = "PPE3", "PPE3\PPE3.csproj", "{A124F28D-CE56-4014-A12B-34C43043C547}"
EndProject
Global
	GlobalSection(SolutionConfigurationPlatforms) = preSolution
		Debug|Any CPU = Debug|Any CPU
		Release|Any CPU = Release|Any CPU
	EndGlobalSection
	GlobalSection(ProjectConfigurationPlatforms) = postSolution
		{A124F28D-CE56-4014-A12B-34C43043C547}.Debug|Any CPU.ActiveCfg = Debug|Any CPU
		{A124F28D-CE56-4014-A12B-34C43043C547}.Debug|Any CPU.Build.0 = Debug|Any CPU
		{A124F28D-CE56-4014-A12B-34C43043C547}.Release|Any CPU.ActiveCfg = Release|Any CPU
		{A124F28D-CE56-4014-A12B-34C43043C547}.Release|Any CPU.Build.0 = Release|Any CPU
	EndGlobalSection
	GlobalSection(SolutionProperties) = preSolution
		HideSolutionNode = FALSE
	EndGlobalSection
	GlobalSection(ExtensibilityGlobals) = postSolution
		SolutionGuid = {6714BA30-8919-4E02-B653-5AB831A9BC3F}
	EndGlobalSection
EndGlobal
